
Microsoft Visual Studio Solution File, Format Version 12.00
# Visual Studio Version 17
VisualStudioVersion = 17.2.32519.379
MinimumVisualStudioVersion = 10.0.40219.1
Project("{9A19103F-16F7-4668-BE54-9A1E7A4F7556}") = "CSLamdbaTest", "CSLamdbaTest\CSLamdbaTest.csproj", "{52DDD3CC-6A93-4CB1-B81D-B4E14D043995}"
EndProject
Global
	GlobalSection(SolutionConfigurationPlatforms) = preSolution
		Debug|Any CPU = Debug|Any CPU
		Release|Any CPU = Release|Any CPU
	EndGlobalSection
	GlobalSection(ProjectConfigurationPlatforms) = postSolution
		{52DDD3CC-6A93-4CB1-B81D-B4E14D043995}.Debug|Any CPU.ActiveCfg = Debug|Any CPU
		{52DDD3CC-6A93-4CB1-B81D-B4E14D043995}.Debug|Any CPU.Build.0 = Debug|Any CPU
		{52DDD3CC-6A93-4CB1-B81D-B4E14D043995}.Release|Any CPU.ActiveCfg = Release|Any CPU
		{52DDD3CC-6A93-4CB1-B81D-B4E14D043995}.Release|Any CPU.Build.0 = Release|Any CPU
	EndGlobalSection
	GlobalSection(SolutionProperties) = preSolution
		HideSolutionNode = FALSE
	EndGlobalSection
	GlobalSection(ExtensibilityGlobals) = postSolution
		SolutionGuid = {8982F5D3-985E-49D2-ADF6-7D13EEC9D6CA}
	EndGlobalSection
EndGlobal
